
Microsoft Visual Studio Solution File, Format Version 12.00
# Visual Studio 15
Project("{FAE04EC0-301F-11D3-BF4B-00C04F79EFBC}") = "Unity.RenderPipelines.Core.Runtime", "Unity.RenderPipelines.Core.Runtime.csproj", "{FD7DEB5D-C268-BEC9-F233-DDF2E91FB1DD}"
EndProject
Project("{FAE04EC0-301F-11D3-BF4B-00C04F79EFBC}") = "UnityEngine.TestRunner", "UnityEngine.TestRunner.csproj", "{0815DF5D-2E0D-1517-86A8-AD3654D50E86}"
EndProject
Project("{FAE04EC0-301F-11D3-BF4B-00C04F79EFBC}") = "Unity.Mathematics", "Unity.Mathematics.csproj", "{3E1380EF-AA34-B854-7DBA-E161B6FA8098}"
EndProject
Project("{FAE04EC0-301F-11D3-BF4B-00C04F79EFBC}") = "Unity.InputSystem", "Unity.InputSystem.csproj", "{9BC4816F-8672-663D-719E-EFF45D7B5BCB}"
EndProject
Project("{FAE04EC0-301F-11D3-BF4B-00C04F79EFBC}") = "Unity.RenderPipelines.Universal.Runtime", "Unity.RenderPipelines.Universal.Runtime.csproj", "{7D49C182-B70F-23D7-0AD8-40059421705C}"
EndProject
Project("{FAE04EC0-301F-11D3-BF4B-00C04F79EFBC}") = "Unity.2D.Animation.Runtime", "Unity.2D.Animation.Runtime.csproj", "{403C7C59-8581-7E75-646C-616B3FADA1B7}"
EndProject
Project("{FAE04EC0-301F-11D3-BF4B-00C04F79EFBC}") = "Unity.TextMeshPro", "Unity.TextMeshPro.csproj", "{7AF628D1-A92F-4482-E90C-A95091ACA85F}"
EndProject
Project("{FAE04EC0-301F-11D3-BF4B-00C04F79EFBC}") = "Cinemachine", "Cinemachine.csproj", "{31C67CB5-35A5-4A5D-B72F-6A7FA53F924D}"
EndProject
Project("{FAE04EC0-301F-11D3-BF4B-00C04F79EFBC}") = "Unity.Timeline", "Unity.Timeline.csproj", "{F77BF5CD-B675-A75D-3033-DCD7A800D434}"
EndProject
Project("{FAE04EC0-301F-11D3-BF4B-00C04F79EFBC}") = "Assembly-CSharp", "Assembly-CSharp.csproj", "{4814CA1E-B15F-839C-10E7-441DB165987D}"
EndProject
Project("{FAE04EC0-301F-11D3-BF4B-00C04F79EFBC}") = "Unity.2D.SpriteShape.Runtime", "Unity.2D.SpriteShape.Runtime.csproj", "{1672B5D1-6CF6-A345-A356-D1CACBB5A05B}"
EndProject
Project("{FAE04EC0-301F-11D3-BF4B-00C04F79EFBC}") = "Unity.2D.Animation.Triangle.Runtime", "Unity.2D.Animation.Triangle.Runtime.csproj", "{F0B85DBF-A17D-E929-7448-BDC035EFD9A8}"
EndProject
Project("{FAE04EC0-301F-11D3-BF4B-00C04F79EFBC}") = "Unity.2D.PixelPerfect", "Unity.2D.PixelPerfect.csproj", "{6CB981BA-A51B-2728-C53E-0150CABDB18A}"
EndProject
Project("{FAE04EC0-301F-11D3-BF4B-00C04F79EFBC}") = "Unity.2D.IK.Runtime", "Unity.2D.IK.Runtime.csproj", "{F38F963E-B304-AFE5-CE4C-F0C688586D8A}"
EndProject
Project("{FAE04EC0-301F-11D3-BF4B-00C04F79EFBC}") = "Unity.2D.Common.Runtime", "Unity.2D.Common.Runtime.csproj", "{1698940C-A32E-B0EF-8B18-33514CF40032}"
EndProject
Project("{FAE04EC0-301F-11D3-BF4B-00C04F79EFBC}") = "Unity.RenderPipelines.Core.ShaderLibrary", "Unity.RenderPipelines.Core.ShaderLibrary.csproj", "{30BF5988-A871-7C0A-0FEB-B1C749546457}"
EndProject
Project("{FAE04EC0-301F-11D3-BF4B-00C04F79EFBC}") = "Unity.InternalAPIEngineBridge.001", "Unity.InternalAPIEngineBridge.001.csproj", "{AF81EA3B-A884-9659-35B4-9428F46A3F37}"
EndProject
Project("{FAE04EC0-301F-11D3-BF4B-00C04F79EFBC}") = "Unity.RenderPipeline.Universal.ShaderLibrary", "Unity.RenderPipeline.Universal.ShaderLibrary.csproj", "{FA833BA0-6662-5EBE-4757-157929F0F9A2}"
EndProject
Project("{FAE04EC0-301F-11D3-BF4B-00C04F79EFBC}") = "Unity.RenderPipelines.Universal.Shaders", "Unity.RenderPipelines.Universal.Shaders.csproj", "{D543149B-828E-2CD3-7A81-78CCB06C8642}"
EndProject
Project("{FAE04EC0-301F-11D3-BF4B-00C04F79EFBC}") = "Unity.RenderPipelines.ShaderGraph.ShaderGraphLibrary", "Unity.RenderPipelines.ShaderGraph.ShaderGraphLibrary.csproj", "{15D9D76F-BE89-E190-76D0-FEF030AFA8E7}"
EndProject
Project("{FAE04EC0-301F-11D3-BF4B-00C04F79EFBC}") = "Unity.PlasticSCM.Editor", "Unity.PlasticSCM.Editor.csproj", "{52FB42F3-B49A-32EA-E49C-609B5BD73416}"
EndProject
Project("{FAE04EC0-301F-11D3-BF4B-00C04F79EFBC}") = "Unity.ShaderGraph.Editor", "Unity.ShaderGraph.Editor.csproj", "{A443DA1C-724D-4081-5F53-8B734E2F81C6}"
EndProject
Project("{FAE04EC0-301F-11D3-BF4B-00C04F79EFBC}") = "Unity.VisualStudio.Editor", "Unity.VisualStudio.Editor.csproj", "{59ED01D2-0A8C-4347-E10F-C27E44ED88E5}"
EndProject
Project("{FAE04EC0-301F-11D3-BF4B-00C04F79EFBC}") = "Unity.Timeline.Editor", "Unity.Timeline.Editor.csproj", "{6D0ED731-20BB-CFA4-694E-FA0B2E15241E}"
EndProject
Project("{FAE04EC0-301F-11D3-BF4B-00C04F79EFBC}") = "com.unity.cinemachine.editor", "com.unity.cinemachine.editor.csproj", "{16248407-00B8-25DB-6825-AC918B4294AB}"
EndProject
Project("{FAE04EC0-301F-11D3-BF4B-00C04F79EFBC}") = "Unity.TextMeshPro.Editor", "Unity.TextMeshPro.Editor.csproj", "{BB2D200D-BD0B-AE38-4726-8CDE42CF785C}"
EndProject
Project("{FAE04EC0-301F-11D3-BF4B-00C04F79EFBC}") = "Unity.2D.Animation.Editor", "Unity.2D.Animation.Editor.csproj", "{F918CF59-1444-9B88-2D0C-A18CD3894E14}"
EndProject
Project("{FAE04EC0-301F-11D3-BF4B-00C04F79EFBC}") = "Unity.CollabProxy.Editor", "Unity.CollabProxy.Editor.csproj", "{2656B03F-A19F-8378-D14F-0C618A7CC04B}"
EndProject
Project("{FAE04EC0-301F-11D3-BF4B-00C04F79EFBC}") = "UnityEditor.TestRunner", "UnityEditor.TestRunner.csproj", "{4632E55E-A9B6-0891-747F-554CC7A2E71A}"
EndProject
Project("{FAE04EC0-301F-11D3-BF4B-00C04F79EFBC}") = "Unity.Rider.Editor", "Unity.Rider.Editor.csproj", "{4A4DC8B7-E401-DE60-0CC7-858B21691645}"
EndProject
Project("{FAE04EC0-301F-11D3-BF4B-00C04F79EFBC}") = "Unity.2D.Path.Editor", "Unity.2D.Path.Editor.csproj", "{C90A510A-725F-9275-28F4-BD758008EE86}"
EndProject
Project("{FAE04EC0-301F-11D3-BF4B-00C04F79EFBC}") = "Unity.RenderPipelines.Universal.Editor", "Unity.RenderPipelines.Universal.Editor.csproj", "{C3ED693A-A74B-FD94-01B7-69138D01E732}"
EndProject
Project("{FAE04EC0-301F-11D3-BF4B-00C04F79EFBC}") = "Unity.Services.Core.Editor", "Unity.Services.Core.Editor.csproj", "{DD86F10F-67FD-470E-B6C0-4D53FD1A1E1E}"
EndProject
Project("{FAE04EC0-301F-11D3-BF4B-00C04F79EFBC}") = "PsdPlugin", "PsdPlugin.csproj", "{2E2D57CB-A997-C472-E0CA-E40C82EDB6FA}"
EndProject
Project("{FAE04EC0-301F-11D3-BF4B-00C04F79EFBC}") = "Unity.RenderPipelines.Core.Editor", "Unity.RenderPipelines.Core.Editor.csproj", "{33AFB926-99C7-D5EC-974F-0A2D23D87A10}"
EndProject
Project("{FAE04EC0-301F-11D3-BF4B-00C04F79EFBC}") = "Unity.Searcher.Editor", "Unity.Searcher.Editor.csproj", "{1BF4BAD7-5F78-AEFD-AFDC-1708DD8AB4B0}"
EndProject
Project("{FAE04EC0-301F-11D3-BF4B-00C04F79EFBC}") = "Unity.2D.IK.Editor", "Unity.2D.IK.Editor.csproj", "{5E6E3028-4AE2-CEA1-2F95-DCE8DD50AF66}"
EndProject
Project("{FAE04EC0-301F-11D3-BF4B-00C04F79EFBC}") = "Unity.2D.Psdimporter.Editor", "Unity.2D.Psdimporter.Editor.csproj", "{302EBE04-C275-6122-7BF2-191386A4E83D}"
EndProject
Project("{FAE04EC0-301F-11D3-BF4B-00C04F79EFBC}") = "Unity.2D.SpriteShape.Editor", "Unity.2D.SpriteShape.Editor.csproj", "{944AFF2D-0D4D-D142-975C-8633EE31222E}"
EndProject
Project("{FAE04EC0-301F-11D3-BF4B-00C04F79EFBC}") = "Unity.2D.PixelPerfect.Editor", "Unity.2D.PixelPerfect.Editor.csproj", "{7060F301-61B8-1ED3-FA6D-8E4C54F8A5FC}"
EndProject
Project("{FAE04EC0-301F-11D3-BF4B-00C04F79EFBC}") = "Unity.VSCode.Editor", "Unity.VSCode.Editor.csproj", "{E3CB6491-AC59-4940-BE08-6AD4D6F5ED81}"
EndProject
Project("{FAE04EC0-301F-11D3-BF4B-00C04F79EFBC}") = "Unity.Mathematics.Editor", "Unity.Mathematics.Editor.csproj", "{91465093-AFDF-C45E-28E7-54E9F2996F8E}"
EndProject
Project("{FAE04EC0-301F-11D3-BF4B-00C04F79EFBC}") = "Unity.2D.Common.Editor", "Unity.2D.Common.Editor.csproj", "{D28F17E0-E19B-415E-B179-80D798509BDA}"
EndProject
Project("{FAE04EC0-301F-11D3-BF4B-00C04F79EFBC}") = "Unity.InternalAPIEditorBridge.001", "Unity.InternalAPIEditorBridge.001.csproj", "{664D621A-E56C-4ED9-0BA1-A01A193E37B1}"
EndProject
Project("{FAE04EC0-301F-11D3-BF4B-00C04F79EFBC}") = "Unity.ShaderGraph.Utilities", "Unity.ShaderGraph.Utilities.csproj", "{8F981074-6D61-1936-F148-BC322492D1C4}"
EndProject
Global
	GlobalSection(SolutionConfigurationPlatforms) = preSolution
		Debug|Any CPU = Debug|Any CPU
		Release|Any CPU = Release|Any CPU
	EndGlobalSection
	GlobalSection(ProjectConfigurationPlatforms) = postSolution
		{FD7DEB5D-C268-BEC9-F233-DDF2E91FB1DD}.Debug|Any CPU.ActiveCfg = Debug|Any CPU
		{FD7DEB5D-C268-BEC9-F233-DDF2E91FB1DD}.Debug|Any CPU.Build.0 = Debug|Any CPU
		{FD7DEB5D-C268-BEC9-F233-DDF2E91FB1DD}.Release|Any CPU.ActiveCfg = Release|Any CPU
		{FD7DEB5D-C268-BEC9-F233-DDF2E91FB1DD}.Release|Any CPU.Build.0 = Release|Any CPU
		{0815DF5D-2E0D-1517-86A8-AD3654D50E86}.Debug|Any CPU.ActiveCfg = Debug|Any CPU
		{0815DF5D-2E0D-1517-86A8-AD3654D50E86}.Debug|Any CPU.Build.0 = Debug|Any CPU
		{0815DF5D-2E0D-1517-86A8-AD3654D50E86}.Release|Any CPU.ActiveCfg = Release|Any CPU
		{0815DF5D-2E0D-1517-86A8-AD3654D50E86}.Release|Any CPU.Build.0 = Release|Any CPU
		{3E1380EF-AA34-B854-7DBA-E161B6FA8098}.Debug|Any CPU.ActiveCfg = Debug|Any CPU
		{3E1380EF-AA34-B854-7DBA-E161B6FA8098}.Debug|Any CPU.Build.0 = Debug|Any CPU
		{3E1380EF-AA34-B854-7DBA-E161B6FA8098}.Release|Any CPU.ActiveCfg = Release|Any CPU
		{3E1380EF-AA34-B854-7DBA-E161B6FA8098}.Release|Any CPU.Build.0 = Release|Any CPU
		{9BC4816F-8672-663D-719E-EFF45D7B5BCB}.Debug|Any CPU.ActiveCfg = Debug|Any CPU
		{9BC4816F-8672-663D-719E-EFF45D7B5BCB}.Debug|Any CPU.Build.0 = Debug|Any CPU
		{9BC4816F-8672-663D-719E-EFF45D7B5BCB}.Release|Any CPU.ActiveCfg = Release|Any CPU
		{9BC4816F-8672-663D-719E-EFF45D7B5BCB}.Release|Any CPU.Build.0 = Release|Any CPU
		{7D49C182-B70F-23D7-0AD8-40059421705C}.Debug|Any CPU.ActiveCfg = Debug|Any CPU
		{7D49C182-B70F-23D7-0AD8-40059421705C}.Debug|Any CPU.Build.0 = Debug|Any CPU
		{7D49C182-B70F-23D7-0AD8-40059421705C}.Release|Any CPU.ActiveCfg = Release|Any CPU
		{7D49C182-B70F-23D7-0AD8-40059421705C}.Release|Any CPU.Build.0 = Release|Any CPU
		{403C7C59-8581-7E75-646C-616B3FADA1B7}.Debug|Any CPU.ActiveCfg = Debug|Any CPU
		{403C7C59-8581-7E75-646C-616B3FADA1B7}.Debug|Any CPU.Build.0 = Debug|Any CPU
		{403C7C59-8581-7E75-646C-616B3FADA1B7}.Release|Any CPU.ActiveCfg = Release|Any CPU
		{403C7C59-8581-7E75-646C-616B3FADA1B7}.Release|Any CPU.Build.0 = Release|Any CPU
		{7AF628D1-A92F-4482-E90C-A95091ACA85F}.Debug|Any CPU.ActiveCfg = Debug|Any CPU
		{7AF628D1-A92F-4482-E90C-A95091ACA85F}.Debug|Any CPU.Build.0 = Debug|Any CPU
		{7AF628D1-A92F-4482-E90C-A95091ACA85F}.Release|Any CPU.ActiveCfg = Release|Any CPU
		{7AF628D1-A92F-4482-E90C-A95091ACA85F}.Release|Any CPU.Build.0 = Release|Any CPU
		{31C67CB5-35A5-4A5D-B72F-6A7FA53F924D}.Debug|Any CPU.ActiveCfg = Debug|Any CPU
		{31C67CB5-35A5-4A5D-B72F-6A7FA53F924D}.Debug|Any CPU.Build.0 = Debug|Any CPU
		{31C67CB5-35A5-4A5D-B72F-6A7FA53F924D}.Release|Any CPU.ActiveCfg = Release|Any CPU
		{31C67CB5-35A5-4A5D-B72F-6A7FA53F924D}.Release|Any CPU.Build.0 = Release|Any CPU
		{F77BF5CD-B675-A75D-3033-DCD7A800D434}.Debug|Any CPU.ActiveCfg = Debug|Any CPU
		{F77BF5CD-B675-A75D-3033-DCD7A800D434}.Debug|Any CPU.Build.0 = Debug|Any CPU
		{F77BF5CD-B675-A75D-3033-DCD7A800D434}.Release|Any CPU.ActiveCfg = Release|Any CPU
		{F77BF5CD-B675-A75D-3033-DCD7A800D434}.Release|Any CPU.Build.0 = Release|Any CPU
		{4814CA1E-B15F-839C-10E7-441DB165987D}.Debug|Any CPU.ActiveCfg = Debug|Any CPU
		{4814CA1E-B15F-839C-10E7-441DB165987D}.Debug|Any CPU.Build.0 = Debug|Any CPU
		{4814CA1E-B15F-839C-10E7-441DB165987D}.Release|Any CPU.ActiveCfg = Release|Any CPU
		{4814CA1E-B15F-839C-10E7-441DB165987D}.Release|Any CPU.Build.0 = Release|Any CPU
		{1672B5D1-6CF6-A345-A356-D1CACBB5A05B}.Debug|Any CPU.ActiveCfg = Debug|Any CPU
		{1672B5D1-6CF6-A345-A356-D1CACBB5A05B}.Debug|Any CPU.Build.0 = Debug|Any CPU
		{1672B5D1-6CF6-A345-A356-D1CACBB5A05B}.Release|Any CPU.ActiveCfg = Release|Any CPU
		{1672B5D1-6CF6-A345-A356-D1CACBB5A05B}.Release|Any CPU.Build.0 = Release|Any CPU
		{F0B85DBF-A17D-E929-7448-BDC035EFD9A8}.Debug|Any CPU.ActiveCfg = Debug|Any CPU
		{F0B85DBF-A17D-E929-7448-BDC035EFD9A8}.Debug|Any CPU.Build.0 = Debug|Any CPU
		{F0B85DBF-A17D-E929-7448-BDC035EFD9A8}.Release|Any CPU.ActiveCfg = Release|Any CPU
		{F0B85DBF-A17D-E929-7448-BDC035EFD9A8}.Release|Any CPU.Build.0 = Release|Any CPU
		{6CB981BA-A51B-2728-C53E-0150CABDB18A}.Debug|Any CPU.ActiveCfg = Debug|Any CPU
		{6CB981BA-A51B-2728-C53E-0150CABDB18A}.Debug|Any CPU.Build.0 = Debug|Any CPU
		{6CB981BA-A51B-2728-C53E-0150CABDB18A}.Release|Any CPU.ActiveCfg = Release|Any CPU
		{6CB981BA-A51B-2728-C53E-0150CABDB18A}.Release|Any CPU.Build.0 = Release|Any CPU
		{F38F963E-B304-AFE5-CE4C-F0C688586D8A}.Debug|Any CPU.ActiveCfg = Debug|Any CPU
		{F38F963E-B304-AFE5-CE4C-F0C688586D8A}.Debug|Any CPU.Build.0 = Debug|Any CPU
		{F38F963E-B304-AFE5-CE4C-F0C688586D8A}.Release|Any CPU.ActiveCfg = Release|Any CPU
		{F38F963E-B304-AFE5-CE4C-F0C688586D8A}.Release|Any CPU.Build.0 = Release|Any CPU
		{1698940C-A32E-B0EF-8B18-33514CF40032}.Debug|Any CPU.ActiveCfg = Debug|Any CPU
		{1698940C-A32E-B0EF-8B18-33514CF40032}.Debug|Any CPU.Build.0 = Debug|Any CPU
		{1698940C-A32E-B0EF-8B18-33514CF40032}.Release|Any CPU.ActiveCfg = Release|Any CPU
		{1698940C-A32E-B0EF-8B18-33514CF40032}.Release|Any CPU.Build.0 = Release|Any CPU
		{30BF5988-A871-7C0A-0FEB-B1C749546457}.Debug|Any CPU.ActiveCfg = Debug|Any CPU
		{30BF5988-A871-7C0A-0FEB-B1C749546457}.Debug|Any CPU.Build.0 = Debug|Any CPU
		{30BF5988-A871-7C0A-0FEB-B1C749546457}.Release|Any CPU.ActiveCfg = Release|Any CPU
		{30BF5988-A871-7C0A-0FEB-B1C749546457}.Release|Any CPU.Build.0 = Release|Any CPU
		{AF81EA3B-A884-9659-35B4-9428F46A3F37}.Debug|Any CPU.ActiveCfg = Debug|Any CPU
		{AF81EA3B-A884-9659-35B4-9428F46A3F37}.Debug|Any CPU.Build.0 = Debug|Any CPU
		{AF81EA3B-A884-9659-35B4-9428F46A3F37}.Release|Any CPU.ActiveCfg = Release|Any CPU
		{AF81EA3B-A884-9659-35B4-9428F46A3F37}.Release|Any CPU.Build.0 = Release|Any CPU
		{FA833BA0-6662-5EBE-4757-157929F0F9A2}.Debug|Any CPU.ActiveCfg = Debug|Any CPU
		{FA833BA0-6662-5EBE-4757-157929F0F9A2}.Debug|Any CPU.Build.0 = Debug|Any CPU
		{FA833BA0-6662-5EBE-4757-157929F0F9A2}.Release|Any CPU.ActiveCfg = Release|Any CPU
		{FA833BA0-6662-5EBE-4757-157929F0F9A2}.Release|Any CPU.Build.0 = Release|Any CPU
		{D543149B-828E-2CD3-7A81-78CCB06C8642}.Debug|Any CPU.ActiveCfg = Debug|Any CPU
		{D543149B-828E-2CD3-7A81-78CCB06C8642}.Debug|Any CPU.Build.0 = Debug|Any CPU
		{D543149B-828E-2CD3-7A81-78CCB06C8642}.Release|Any CPU.ActiveCfg = Release|Any CPU
		{D543149B-828E-2CD3-7A81-78CCB06C8642}.Release|Any CPU.Build.0 = Release|Any CPU
		{15D9D76F-BE89-E190-76D0-FEF030AFA8E7}.Debug|Any CPU.ActiveCfg = Debug|Any CPU
		{15D9D76F-BE89-E190-76D0-FEF030AFA8E7}.Debug|Any CPU.Build.0 = Debug|Any CPU
		{15D9D76F-BE89-E190-76D0-FEF030AFA8E7}.Release|Any CPU.ActiveCfg = Release|Any CPU
		{15D9D76F-BE89-E190-76D0-FEF030AFA8E7}.Release|Any CPU.Build.0 = Release|Any CPU
		{52FB42F3-B49A-32EA-E49C-609B5BD73416}.Debug|Any CPU.ActiveCfg = Debug|Any CPU
		{52FB42F3-B49A-32EA-E49C-609B5BD73416}.Debug|Any CPU.Build.0 = Debug|Any CPU
		{52FB42F3-B49A-32EA-E49C-609B5BD73416}.Release|Any CPU.ActiveCfg = Release|Any CPU
		{52FB42F3-B49A-32EA-E49C-609B5BD73416}.Release|Any CPU.Build.0 = Release|Any CPU
		{A443DA1C-724D-4081-5F53-8B734E2F81C6}.Debug|Any CPU.ActiveCfg = Debug|Any CPU
		{A443DA1C-724D-4081-5F53-8B734E2F81C6}.Debug|Any CPU.Build.0 = Debug|Any CPU
		{A443DA1C-724D-4081-5F53-8B734E2F81C6}.Release|Any CPU.ActiveCfg = Release|Any CPU
		{A443DA1C-724D-4081-5F53-8B734E2F81C6}.Release|Any CPU.Build.0 = Release|Any CPU
		{59ED01D2-0A8C-4347-E10F-C27E44ED88E5}.Debug|Any CPU.ActiveCfg = Debug|Any CPU
		{59ED01D2-0A8C-4347-E10F-C27E44ED88E5}.Debug|Any CPU.Build.0 = Debug|Any CPU
		{59ED01D2-0A8C-4347-E10F-C27E44ED88E5}.Release|Any CPU.ActiveCfg = Release|Any CPU
		{59ED01D2-0A8C-4347-E10F-C27E44ED88E5}.Release|Any CPU.Build.0 = Release|Any CPU
		{6D0ED731-20BB-CFA4-694E-FA0B2E15241E}.Debug|Any CPU.ActiveCfg = Debug|Any CPU
		{6D0ED731-20BB-CFA4-694E-FA0B2E15241E}.Debug|Any CPU.Build.0 = Debug|Any CPU
		{6D0ED731-20BB-CFA4-694E-FA0B2E15241E}.Release|Any CPU.ActiveCfg = Release|Any CPU
		{6D0ED731-20BB-CFA4-694E-FA0B2E15241E}.Release|Any CPU.Build.0 = Release|Any CPU
		{16248407-00B8-25DB-6825-AC918B4294AB}.Debug|Any CPU.ActiveCfg = Debug|Any CPU
		{16248407-00B8-25DB-6825-AC918B4294AB}.Debug|Any CPU.Build.0 = Debug|Any CPU
		{16248407-00B8-25DB-6825-AC918B4294AB}.Release|Any CPU.ActiveCfg = Release|Any CPU
		{16248407-00B8-25DB-6825-AC918B4294AB}.Release|Any CPU.Build.0 = Release|Any CPU
		{BB2D200D-BD0B-AE38-4726-8CDE42CF785C}.Debug|Any CPU.ActiveCfg = Debug|Any CPU
		{BB2D200D-BD0B-AE38-4726-8CDE42CF785C}.Debug|Any CPU.Build.0 = Debug|Any CPU
		{BB2D200D-BD0B-AE38-4726-8CDE42CF785C}.Release|Any CPU.ActiveCfg = Release|Any CPU
		{BB2D200D-BD0B-AE38-4726-8CDE42CF785C}.Release|Any CPU.Build.0 = Release|Any CPU
		{F918CF59-1444-9B88-2D0C-A18CD3894E14}.Debug|Any CPU.ActiveCfg = Debug|Any CPU
		{F918CF59-1444-9B88-2D0C-A18CD3894E14}.Debug|Any CPU.Build.0 = Debug|Any CPU
		{F918CF59-1444-9B88-2D0C-A18CD3894E14}.Release|Any CPU.ActiveCfg = Release|Any CPU
		{F918CF59-1444-9B88-2D0C-A18CD3894E14}.Release|Any CPU.Build.0 = Release|Any CPU
		{2656B03F-A19F-8378-D14F-0C618A7CC04B}.Debug|Any CPU.ActiveCfg = Debug|Any CPU
		{2656B03F-A19F-8378-D14F-0C618A7CC04B}.Debug|Any CPU.Build.0 = Debug|Any CPU
		{2656B03F-A19F-8378-D14F-0C618A7CC04B}.Release|Any CPU.ActiveCfg = Release|Any CPU
		{2656B03F-A19F-8378-D14F-0C618A7CC04B}.Release|Any CPU.Build.0 = Release|Any CPU
		{4632E55E-A9B6-0891-747F-554CC7A2E71A}.Debug|Any CPU.ActiveCfg = Debug|Any CPU
		{4632E55E-A9B6-0891-747F-554CC7A2E71A}.Debug|Any CPU.Build.0 = Debug|Any CPU
		{4632E55E-A9B6-0891-747F-554CC7A2E71A}.Release|Any CPU.ActiveCfg = Release|Any CPU
		{4632E55E-A9B6-0891-747F-554CC7A2E71A}.Release|Any CPU.Build.0 = Release|Any CPU
		{4A4DC8B7-E401-DE60-0CC7-858B21691645}.Debug|Any CPU.ActiveCfg = Debug|Any CPU
		{4A4DC8B7-E401-DE60-0CC7-858B21691645}.Debug|Any CPU.Build.0 = Debug|Any CPU
		{4A4DC8B7-E401-DE60-0CC7-858B21691645}.Release|Any CPU.ActiveCfg = Release|Any CPU
		{4A4DC8B7-E401-DE60-0CC7-858B21691645}.Release|Any CPU.Build.0 = Release|Any CPU
		{C90A510A-725F-9275-28F4-BD758008EE86}.Debug|Any CPU.ActiveCfg = Debug|Any CPU
		{C90A510A-725F-9275-28F4-BD758008EE86}.Debug|Any CPU.Build.0 = Debug|Any CPU
		{C90A510A-725F-9275-28F4-BD758008EE86}.Release|Any CPU.ActiveCfg = Release|Any CPU
		{C90A510A-725F-9275-28F4-BD758008EE86}.Release|Any CPU.Build.0 = Release|Any CPU
		{C3ED693A-A74B-FD94-01B7-69138D01E732}.Debug|Any CPU.ActiveCfg = Debug|Any CPU
		{C3ED693A-A74B-FD94-01B7-69138D01E732}.Debug|Any CPU.Build.0 = Debug|Any CPU
		{C3ED693A-A74B-FD94-01B7-69138D01E732}.Release|Any CPU.ActiveCfg = Release|Any CPU
		{C3ED693A-A74B-FD94-01B7-69138D01E732}.Release|Any CPU.Build.0 = Release|Any CPU
		{DD86F10F-67FD-470E-B6C0-4D53FD1A1E1E}.Debug|Any CPU.ActiveCfg = Debug|Any CPU
		{DD86F10F-67FD-470E-B6C0-4D53FD1A1E1E}.Debug|Any CPU.Build.0 = Debug|Any CPU
		{DD86F10F-67FD-470E-B6C0-4D53FD1A1E1E}.Release|Any CPU.ActiveCfg = Release|Any CPU
		{DD86F10F-67FD-470E-B6C0-4D53FD1A1E1E}.Release|Any CPU.Build.0 = Release|Any CPU
		{2E2D57CB-A997-C472-E0CA-E40C82EDB6FA}.Debug|Any CPU.ActiveCfg = Debug|Any CPU
		{2E2D57CB-A997-C472-E0CA-E40C82EDB6FA}.Debug|Any CPU.Build.0 = Debug|Any CPU
		{2E2D57CB-A997-C472-E0CA-E40C82EDB6FA}.Release|Any CPU.ActiveCfg = Release|Any CPU
		{2E2D57CB-A997-C472-E0CA-E40C82EDB6FA}.Release|Any CPU.Build.0 = Release|Any CPU
		{33AFB926-99C7-D5EC-974F-0A2D23D87A10}.Debug|Any CPU.ActiveCfg = Debug|Any CPU
		{33AFB926-99C7-D5EC-974F-0A2D23D87A10}.Debug|Any CPU.Build.0 = Debug|Any CPU
		{33AFB926-99C7-D5EC-974F-0A2D23D87A10}.Release|Any CPU.ActiveCfg = Release|Any CPU
		{33AFB926-99C7-D5EC-974F-0A2D23D87A10}.Release|Any CPU.Build.0 = Release|Any CPU
		{1BF4BAD7-5F78-AEFD-AFDC-1708DD8AB4B0}.Debug|Any CPU.ActiveCfg = Debug|Any CPU
		{1BF4BAD7-5F78-AEFD-AFDC-1708DD8AB4B0}.Debug|Any CPU.Build.0 = Debug|Any CPU
		{1BF4BAD7-5F78-AEFD-AFDC-1708DD8AB4B0}.Release|Any CPU.ActiveCfg = Release|Any CPU
		{1BF4BAD7-5F78-AEFD-AFDC-1708DD8AB4B0}.Release|Any CPU.Build.0 = Release|Any CPU
		{5E6E3028-4AE2-CEA1-2F95-DCE8DD50AF66}.Debug|Any CPU.ActiveCfg = Debug|Any CPU
		{5E6E3028-4AE2-CEA1-2F95-DCE8DD50AF66}.Debug|Any CPU.Build.0 = Debug|Any CPU
		{5E6E3028-4AE2-CEA1-2F95-DCE8DD50AF66}.Release|Any CPU.ActiveCfg = Release|Any CPU
		{5E6E3028-4AE2-CEA1-2F95-DCE8DD50AF66}.Release|Any CPU.Build.0 = Release|Any CPU
		{302EBE04-C275-6122-7BF2-191386A4E83D}.Debug|Any CPU.ActiveCfg = Debug|Any CPU
		{302EBE04-C275-6122-7BF2-191386A4E83D}.Debug|Any CPU.Build.0 = Debug|Any CPU
		{302EBE04-C275-6122-7BF2-191386A4E83D}.Release|Any CPU.ActiveCfg = Release|Any CPU
		{302EBE04-C275-6122-7BF2-191386A4E83D}.Release|Any CPU.Build.0 = Release|Any CPU
		{944AFF2D-0D4D-D142-975C-8633EE31222E}.Debug|Any CPU.ActiveCfg = Debug|Any CPU
		{944AFF2D-0D4D-D142-975C-8633EE31222E}.Debug|Any CPU.Build.0 = Debug|Any CPU
		{944AFF2D-0D4D-D142-975C-8633EE31222E}.Release|Any CPU.ActiveCfg = Release|Any CPU
		{944AFF2D-0D4D-D142-975C-8633EE31222E}.Release|Any CPU.Build.0 = Release|Any CPU
		{7060F301-61B8-1ED3-FA6D-8E4C54F8A5FC}.Debug|Any CPU.ActiveCfg = Debug|Any CPU
		{7060F301-61B8-1ED3-FA6D-8E4C54F8A5FC}.Debug|Any CPU.Build.0 = Debug|Any CPU
		{7060F301-61B8-1ED3-FA6D-8E4C54F8A5FC}.Release|Any CPU.ActiveCfg = Release|Any CPU
		{7060F301-61B8-1ED3-FA6D-8E4C54F8A5FC}.Release|Any CPU.Build.0 = Release|Any CPU
		{E3CB6491-AC59-4940-BE08-6AD4D6F5ED81}.Debug|Any CPU.ActiveCfg = Debug|Any CPU
		{E3CB6491-AC59-4940-BE08-6AD4D6F5ED81}.Debug|Any CPU.Build.0 = Debug|Any CPU
		{E3CB6491-AC59-4940-BE08-6AD4D6F5ED81}.Release|Any CPU.ActiveCfg = Release|Any CPU
		{E3CB6491-AC59-4940-BE08-6AD4D6F5ED81}.Release|Any CPU.Build.0 = Release|Any CPU
		{91465093-AFDF-C45E-28E7-54E9F2996F8E}.Debug|Any CPU.ActiveCfg = Debug|Any CPU
		{91465093-AFDF-C45E-28E7-54E9F2996F8E}.Debug|Any CPU.Build.0 = Debug|Any CPU
		{91465093-AFDF-C45E-28E7-54E9F2996F8E}.Release|Any CPU.ActiveCfg = Release|Any CPU
		{91465093-AFDF-C45E-28E7-54E9F2996F8E}.Release|Any CPU.Build.0 = Release|Any CPU
		{D28F17E0-E19B-415E-B179-80D798509BDA}.Debug|Any CPU.ActiveCfg = Debug|Any CPU
		{D28F17E0-E19B-415E-B179-80D798509BDA}.Debug|Any CPU.Build.0 = Debug|Any CPU
		{D28F17E0-E19B-415E-B179-80D798509BDA}.Release|Any CPU.ActiveCfg = Release|Any CPU
		{D28F17E0-E19B-415E-B179-80D798509BDA}.Release|Any CPU.Build.0 = Release|Any CPU
		{664D621A-E56C-4ED9-0BA1-A01A193E37B1}.Debug|Any CPU.ActiveCfg = Debug|Any CPU
		{664D621A-E56C-4ED9-0BA1-A01A193E37B1}.Debug|Any CPU.Build.0 = Debug|Any CPU
		{664D621A-E56C-4ED9-0BA1-A01A193E37B1}.Release|Any CPU.ActiveCfg = Release|Any CPU
		{664D621A-E56C-4ED9-0BA1-A01A193E37B1}.Release|Any CPU.Build.0 = Release|Any CPU
		{8F981074-6D61-1936-F148-BC322492D1C4}.Debug|Any CPU.ActiveCfg = Debug|Any CPU
		{8F981074-6D61-1936-F148-BC322492D1C4}.Debug|Any CPU.Build.0 = Debug|Any CPU
		{8F981074-6D61-1936-F148-BC322492D1C4}.Release|Any CPU.ActiveCfg = Release|Any CPU
		{8F981074-6D61-1936-F148-BC322492D1C4}.Release|Any CPU.Build.0 = Release|Any CPU
	EndGlobalSection
	GlobalSection(SolutionProperties) = preSolution
		HideSolutionNode = FALSE
	EndGlobalSection
EndGlobal
